
Microsoft Visual Studio Solution File, Format Version 12.00
# Visual Studio Version 16
VisualStudioVersion = 16.0.30804.86
MinimumVisualStudioVersion = 10.0.40219.1
Project("{FAE04EC0-301F-11D3-BF4B-00C04F79EFBC}") = "FirewallSetting", "FirewallSetting\FirewallSetting.csproj", "{DF59CFEF-C645-419C-AE63-F04D48A8F4A1}"
EndProject
Project("{FAE04EC0-301F-11D3-BF4B-00C04F79EFBC}") = "SettingLib", "SettingLib\SettingLib.csproj", "{1AC8619D-5F45-4F51-9FFF-6D91E5A3BCA4}"
EndProject
Project("{FAE04EC0-301F-11D3-BF4B-00C04F79EFBC}") = "FWSettingClient", "FWSettingClient\FWSettingClient.csproj", "{8D0AC098-F069-41DD-BC2A-BAEBA9597D63}"
EndProject
Project("{9A19103F-16F7-4668-BE54-9A1E7A4F7556}") = "FirewallSettingServerCore", "FirewallSettingServerCore\FirewallSettingServerCore.csproj", "{F3AEA48B-0CD3-487D-8A15-69C2EE1DE804}"
EndProject
Project("{9A19103F-16F7-4668-BE54-9A1E7A4F7556}") = "FirewallSettingSSHLib", "FirewallSettingSSHLib\FirewallSettingSSHLib.csproj", "{E4857B9E-A3D9-4F26-8687-92436B46C36B}"
EndProject
Global
	GlobalSection(SolutionConfigurationPlatforms) = preSolution
		Debug|Any CPU = Debug|Any CPU
		Release|Any CPU = Release|Any CPU
	EndGlobalSection
	GlobalSection(ProjectConfigurationPlatforms) = postSolution
		{DF59CFEF-C645-419C-AE63-F04D48A8F4A1}.Debug|Any CPU.ActiveCfg = Debug|Any CPU
		{DF59CFEF-C645-419C-AE63-F04D48A8F4A1}.Debug|Any CPU.Build.0 = Debug|Any CPU
		{DF59CFEF-C645-419C-AE63-F04D48A8F4A1}.Release|Any CPU.ActiveCfg = Release|Any CPU
		{DF59CFEF-C645-419C-AE63-F04D48A8F4A1}.Release|Any CPU.Build.0 = Release|Any CPU
		{1AC8619D-5F45-4F51-9FFF-6D91E5A3BCA4}.Debug|Any CPU.ActiveCfg = Debug|Any CPU
		{1AC8619D-5F45-4F51-9FFF-6D91E5A3BCA4}.Debug|Any CPU.Build.0 = Debug|Any CPU
		{1AC8619D-5F45-4F51-9FFF-6D91E5A3BCA4}.Release|Any CPU.ActiveCfg = Release|Any CPU
		{1AC8619D-5F45-4F51-9FFF-6D91E5A3BCA4}.Release|Any CPU.Build.0 = Release|Any CPU
		{8D0AC098-F069-41DD-BC2A-BAEBA9597D63}.Debug|Any CPU.ActiveCfg = Debug|Any CPU
		{8D0AC098-F069-41DD-BC2A-BAEBA9597D63}.Debug|Any CPU.Build.0 = Debug|Any CPU
		{8D0AC098-F069-41DD-BC2A-BAEBA9597D63}.Release|Any CPU.ActiveCfg = Release|Any CPU
		{8D0AC098-F069-41DD-BC2A-BAEBA9597D63}.Release|Any CPU.Build.0 = Release|Any CPU
		{F3AEA48B-0CD3-487D-8A15-69C2EE1DE804}.Debug|Any CPU.ActiveCfg = Debug|Any CPU
		{F3AEA48B-0CD3-487D-8A15-69C2EE1DE804}.Debug|Any CPU.Build.0 = Debug|Any CPU
		{F3AEA48B-0CD3-487D-8A15-69C2EE1DE804}.Release|Any CPU.ActiveCfg = Release|Any CPU
		{F3AEA48B-0CD3-487D-8A15-69C2EE1DE804}.Release|Any CPU.Build.0 = Release|Any CPU
		{E4857B9E-A3D9-4F26-8687-92436B46C36B}.Debug|Any CPU.ActiveCfg = Debug|Any CPU
		{E4857B9E-A3D9-4F26-8687-92436B46C36B}.Debug|Any CPU.Build.0 = Debug|Any CPU
		{E4857B9E-A3D9-4F26-8687-92436B46C36B}.Release|Any CPU.ActiveCfg = Release|Any CPU
		{E4857B9E-A3D9-4F26-8687-92436B46C36B}.Release|Any CPU.Build.0 = Release|Any CPU
	EndGlobalSection
	GlobalSection(SolutionProperties) = preSolution
		HideSolutionNode = FALSE
	EndGlobalSection
	GlobalSection(ExtensibilityGlobals) = postSolution
		SolutionGuid = {FDE3AD7F-930F-4B4F-95F1-D5EA42B67F75}
	EndGlobalSection
EndGlobal
